
Microsoft Visual Studio Solution File, Format Version 12.00
# Visual Studio Version 16
VisualStudioVersion = 16.0.30804.86
MinimumVisualStudioVersion = 10.0.40219.1
Project("{8BC9CEB8-8B4A-11D0-8D11-00A0C91BC942}") = "OpenGlNeHe", "OpenGlNeHe\OpenGlNeHe.vcxproj", "{387A6108-7D29-429A-B9D4-5DD91CBA1502}"
EndProject
Global
	GlobalSection(SolutionConfigurationPlatforms) = preSolution
		Debug|x86 = Debug|x86
		Release|x86 = Release|x86
	EndGlobalSection
	GlobalSection(ProjectConfigurationPlatforms) = postSolution
		{387A6108-7D29-429A-B9D4-5DD91CBA1502}.Debug|x86.ActiveCfg = Debug|Win32
		{387A6108-7D29-429A-B9D4-5DD91CBA1502}.Debug|x86.Build.0 = Debug|Win32
		{387A6108-7D29-429A-B9D4-5DD91CBA1502}.Release|x86.ActiveCfg = Release|Win32
		{387A6108-7D29-429A-B9D4-5DD91CBA1502}.Release|x86.Build.0 = Release|Win32
	EndGlobalSection
	GlobalSection(SolutionProperties) = preSolution
		HideSolutionNode = FALSE
	EndGlobalSection
	GlobalSection(ExtensibilityGlobals) = postSolution
		SolutionGuid = {8CC53BEC-4422-4C84-9EFE-B53A2D9BE51B}
	EndGlobalSection
EndGlobal
